
Microsoft Visual Studio Solution File, Format Version 12.00
# Visual Studio Version 16
VisualStudioVersion = 16.0.28917.181
MinimumVisualStudioVersion = 10.0.40219.1
Project("{8BC9CEB8-8B4A-11D0-8D11-00A0C91BC942}") = "Week2_LogicalStatements", "Week2_LogicalStatements\Week2_LogicalStatements\Week2_LogicalStatements.vcxproj", "{FB382B05-F4C4-4A11-9D09-13D39BFEAB0A}"
EndProject
Project("{8BC9CEB8-8B4A-11D0-8D11-00A0C91BC942}") = "NumberComparison", "NumberComparison\NumberComparison.vcxproj", "{1F9F5820-DE8D-4E03-B43D-60B9BC749481}"
EndProject
Project("{8BC9CEB8-8B4A-11D0-8D11-00A0C91BC942}") = "TravelCostCalculator", "TravelCostCalculator\TravelCostCalculator.vcxproj", "{3EFDC2FA-6149-47F5-8E04-12541D8DCD6F}"
EndProject
Project("{8BC9CEB8-8B4A-11D0-8D11-00A0C91BC942}") = "MenuSystem", "MenuSystem\MenuSystem.vcxproj", "{FE2A3345-A699-42B4-AAE2-FE61D4C8FA39}"
EndProject
Project("{8BC9CEB8-8B4A-11D0-8D11-00A0C91BC942}") = "LogicIteration", "LogicIteration\LogicIteration.vcxproj", "{5B5C5530-2EFC-4058-9721-FD0FAB75C100}"
EndProject
Project("{8BC9CEB8-8B4A-11D0-8D11-00A0C91BC942}") = "LoopingAddition", "LoopingAddition\LoopingAddition.vcxproj", "{4298F34D-0D8D-4F6C-9B07-6A223C3961D9}"
EndProject
Project("{8BC9CEB8-8B4A-11D0-8D11-00A0C91BC942}") = "LogonRegister", "LogonRegister\LogonRegister.vcxproj", "{5118B9A0-073C-491C-A76F-1290654943B9}"
EndProject
Project("{8BC9CEB8-8B4A-11D0-8D11-00A0C91BC942}") = "ForLoopsAndArrays", "ForLoopsAndArrays\ForLoopsAndArrays.vcxproj", "{830FB365-0402-4CB4-9576-9B737FA52ECC}"
EndProject
Project("{8BC9CEB8-8B4A-11D0-8D11-00A0C91BC942}") = "ForLoopPowerOf10", "ForLoopPowerOf10\ForLoopPowerOf10.vcxproj", "{945B036D-0DA9-442C-AB37-E341E56CBC0B}"
EndProject
Project("{8BC9CEB8-8B4A-11D0-8D11-00A0C91BC942}") = "ProgrammingRecap", "ProgrammingRecap\ProgrammingRecap.vcxproj", "{9E5A1DEB-E2BC-4241-B34F-0EEF0ABDCC9C}"
EndProject
Project("{8BC9CEB8-8B4A-11D0-8D11-00A0C91BC942}") = "FileHandling", "FileHandling\FileHandling.vcxproj", "{BF76E8BC-3960-4C55-BFC5-10756A4DE651}"
EndProject
Project("{8BC9CEB8-8B4A-11D0-8D11-00A0C91BC942}") = "ClassesLearning", "ClassesLearning\ClassesLearning.vcxproj", "{BD5A5515-74C0-4998-AD67-C231D1DBCE65}"
EndProject
Project("{8BC9CEB8-8B4A-11D0-8D11-00A0C91BC942}") = "ConstructorsDestructors", "ConstructorsDestructors\ConstructorsDestructors.vcxproj", "{E7771197-F7E0-437C-925C-9D639EC4E3EB}"
EndProject
Project("{8BC9CEB8-8B4A-11D0-8D11-00A0C91BC942}") = "Inheritance", "Inheritance\Inheritance.vcxproj", "{4DB87AD8-7A9B-4E9C-AF36-CC7DDCD99F2A}"
EndProject
Project("{8BC9CEB8-8B4A-11D0-8D11-00A0C91BC942}") = "Shapes", "Shapes\Shapes.vcxproj", "{337A2D27-C0EF-4791-9B56-C997B749E12F}"
EndProject
Project("{8BC9CEB8-8B4A-11D0-8D11-00A0C91BC942}") = "GradeCalculator", "GradeCalculator\GradeCalculator.vcxproj", "{6677F68B-E29A-4B4C-9373-ED39A3316B22}"
EndProject
Project("{8BC9CEB8-8B4A-11D0-8D11-00A0C91BC942}") = "MultipleInheritance", "MultipleInheritance\MultipleInheritance.vcxproj", "{07E326A3-7C8D-4828-A667-5382A701D1E0}"
EndProject
Global
	GlobalSection(SolutionConfigurationPlatforms) = preSolution
		Debug|x64 = Debug|x64
		Debug|x86 = Debug|x86
		Release|x64 = Release|x64
		Release|x86 = Release|x86
	EndGlobalSection
	GlobalSection(ProjectConfigurationPlatforms) = postSolution
		{FB382B05-F4C4-4A11-9D09-13D39BFEAB0A}.Debug|x64.ActiveCfg = Debug|x64
		{FB382B05-F4C4-4A11-9D09-13D39BFEAB0A}.Debug|x64.Build.0 = Debug|x64
		{FB382B05-F4C4-4A11-9D09-13D39BFEAB0A}.Debug|x86.ActiveCfg = Debug|Win32
		{FB382B05-F4C4-4A11-9D09-13D39BFEAB0A}.Debug|x86.Build.0 = Debug|Win32
		{FB382B05-F4C4-4A11-9D09-13D39BFEAB0A}.Release|x64.ActiveCfg = Release|x64
		{FB382B05-F4C4-4A11-9D09-13D39BFEAB0A}.Release|x64.Build.0 = Release|x64
		{FB382B05-F4C4-4A11-9D09-13D39BFEAB0A}.Release|x86.ActiveCfg = Release|Win32
		{FB382B05-F4C4-4A11-9D09-13D39BFEAB0A}.Release|x86.Build.0 = Release|Win32
		{1F9F5820-DE8D-4E03-B43D-60B9BC749481}.Debug|x64.ActiveCfg = Debug|x64
		{1F9F5820-DE8D-4E03-B43D-60B9BC749481}.Debug|x64.Build.0 = Debug|x64
		{1F9F5820-DE8D-4E03-B43D-60B9BC749481}.Debug|x86.ActiveCfg = Debug|Win32
		{1F9F5820-DE8D-4E03-B43D-60B9BC749481}.Debug|x86.Build.0 = Debug|Win32
		{1F9F5820-DE8D-4E03-B43D-60B9BC749481}.Release|x64.ActiveCfg = Release|x64
		{1F9F5820-DE8D-4E03-B43D-60B9BC749481}.Release|x64.Build.0 = Release|x64
		{1F9F5820-DE8D-4E03-B43D-60B9BC749481}.Release|x86.ActiveCfg = Release|Win32
		{1F9F5820-DE8D-4E03-B43D-60B9BC749481}.Release|x86.Build.0 = Release|Win32
		{3EFDC2FA-6149-47F5-8E04-12541D8DCD6F}.Debug|x64.ActiveCfg = Debug|x64
		{3EFDC2FA-6149-47F5-8E04-12541D8DCD6F}.Debug|x64.Build.0 = Debug|x64
		{3EFDC2FA-6149-47F5-8E04-12541D8DCD6F}.Debug|x86.ActiveCfg = Debug|Win32
		{3EFDC2FA-6149-47F5-8E04-12541D8DCD6F}.Debug|x86.Build.0 = Debug|Win32
		{3EFDC2FA-6149-47F5-8E04-12541D8DCD6F}.Release|x64.ActiveCfg = Release|x64
		{3EFDC2FA-6149-47F5-8E04-12541D8DCD6F}.Release|x64.Build.0 = Release|x64
		{3EFDC2FA-6149-47F5-8E04-12541D8DCD6F}.Release|x86.ActiveCfg = Release|Win32
		{3EFDC2FA-6149-47F5-8E04-12541D8DCD6F}.Release|x86.Build.0 = Release|Win32
		{FE2A3345-A699-42B4-AAE2-FE61D4C8FA39}.Debug|x64.ActiveCfg = Debug|x64
		{FE2A3345-A699-42B4-AAE2-FE61D4C8FA39}.Debug|x64.Build.0 = Debug|x64
		{FE2A3345-A699-42B4-AAE2-FE61D4C8FA39}.Debug|x86.ActiveCfg = Debug|Win32
		{FE2A3345-A699-42B4-AAE2-FE61D4C8FA39}.Debug|x86.Build.0 = Debug|Win32
		{FE2A3345-A699-42B4-AAE2-FE61D4C8FA39}.Release|x64.ActiveCfg = Release|x64
		{FE2A3345-A699-42B4-AAE2-FE61D4C8FA39}.Release|x64.Build.0 = Release|x64
		{FE2A3345-A699-42B4-AAE2-FE61D4C8FA39}.Release|x86.ActiveCfg = Release|Win32
		{FE2A3345-A699-42B4-AAE2-FE61D4C8FA39}.Release|x86.Build.0 = Release|Win32
		{5B5C5530-2EFC-4058-9721-FD0FAB75C100}.Debug|x64.ActiveCfg = Debug|x64
		{5B5C5530-2EFC-4058-9721-FD0FAB75C100}.Debug|x64.Build.0 = Debug|x64
		{5B5C5530-2EFC-4058-9721-FD0FAB75C100}.Debug|x86.ActiveCfg = Debug|Win32
		{5B5C5530-2EFC-4058-9721-FD0FAB75C100}.Debug|x86.Build.0 = Debug|Win32
		{5B5C5530-2EFC-4058-9721-FD0FAB75C100}.Release|x64.ActiveCfg = Release|x64
		{5B5C5530-2EFC-4058-9721-FD0FAB75C100}.Release|x64.Build.0 = Release|x64
		{5B5C5530-2EFC-4058-9721-FD0FAB75C100}.Release|x86.ActiveCfg = Release|Win32
		{5B5C5530-2EFC-4058-9721-FD0FAB75C100}.Release|x86.Build.0 = Release|Win32
		{4298F34D-0D8D-4F6C-9B07-6A223C3961D9}.Debug|x64.ActiveCfg = Debug|x64
		{4298F34D-0D8D-4F6C-9B07-6A223C3961D9}.Debug|x64.Build.0 = Debug|x64
		{4298F34D-0D8D-4F6C-9B07-6A223C3961D9}.Debug|x86.ActiveCfg = Debug|Win32
		{4298F34D-0D8D-4F6C-9B07-6A223C3961D9}.Debug|x86.Build.0 = Debug|Win32
		{4298F34D-0D8D-4F6C-9B07-6A223C3961D9}.Release|x64.ActiveCfg = Release|x64
		{4298F34D-0D8D-4F6C-9B07-6A223C3961D9}.Release|x64.Build.0 = Release|x64
		{4298F34D-0D8D-4F6C-9B07-6A223C3961D9}.Release|x86.ActiveCfg = Release|Win32
		{4298F34D-0D8D-4F6C-9B07-6A223C3961D9}.Release|x86.Build.0 = Release|Win32
		{5118B9A0-073C-491C-A76F-1290654943B9}.Debug|x64.ActiveCfg = Debug|x64
		{5118B9A0-073C-491C-A76F-1290654943B9}.Debug|x64.Build.0 = Debug|x64
		{5118B9A0-073C-491C-A76F-1290654943B9}.Debug|x86.ActiveCfg = Debug|Win32
		{5118B9A0-073C-491C-A76F-1290654943B9}.Debug|x86.Build.0 = Debug|Win32
		{5118B9A0-073C-491C-A76F-1290654943B9}.Release|x64.ActiveCfg = Release|x64
		{5118B9A0-073C-491C-A76F-1290654943B9}.Release|x64.Build.0 = Release|x64
		{5118B9A0-073C-491C-A76F-1290654943B9}.Release|x86.ActiveCfg = Release|Win32
		{5118B9A0-073C-491C-A76F-1290654943B9}.Release|x86.Build.0 = Release|Win32
		{830FB365-0402-4CB4-9576-9B737FA52ECC}.Debug|x64.ActiveCfg = Debug|x64
		{830FB365-0402-4CB4-9576-9B737FA52ECC}.Debug|x64.Build.0 = Debug|x64
		{830FB365-0402-4CB4-9576-9B737FA52ECC}.Debug|x86.ActiveCfg = Debug|Win32
		{830FB365-0402-4CB4-9576-9B737FA52ECC}.Debug|x86.Build.0 = Debug|Win32
		{830FB365-0402-4CB4-9576-9B737FA52ECC}.Release|x64.ActiveCfg = Release|x64
		{830FB365-0402-4CB4-9576-9B737FA52ECC}.Release|x64.Build.0 = Release|x64
		{830FB365-0402-4CB4-9576-9B737FA52ECC}.Release|x86.ActiveCfg = Release|Win32
		{830FB365-0402-4CB4-9576-9B737FA52ECC}.Release|x86.Build.0 = Release|Win32
		{945B036D-0DA9-442C-AB37-E341E56CBC0B}.Debug|x64.ActiveCfg = Debug|x64
		{945B036D-0DA9-442C-AB37-E341E56CBC0B}.Debug|x64.Build.0 = Debug|x64
		{945B036D-0DA9-442C-AB37-E341E56CBC0B}.Debug|x86.ActiveCfg = Debug|Win32
		{945B036D-0DA9-442C-AB37-E341E56CBC0B}.Debug|x86.Build.0 = Debug|Win32
		{945B036D-0DA9-442C-AB37-E341E56CBC0B}.Release|x64.ActiveCfg = Release|x64
		{945B036D-0DA9-442C-AB37-E341E56CBC0B}.Release|x64.Build.0 = Release|x64
		{945B036D-0DA9-442C-AB37-E341E56CBC0B}.Release|x86.ActiveCfg = Release|Win32
		{945B036D-0DA9-442C-AB37-E341E56CBC0B}.Release|x86.Build.0 = Release|Win32
		{9E5A1DEB-E2BC-4241-B34F-0EEF0ABDCC9C}.Debug|x64.ActiveCfg = Debug|x64
		{9E5A1DEB-E2BC-4241-B34F-0EEF0ABDCC9C}.Debug|x64.Build.0 = Debug|x64
		{9E5A1DEB-E2BC-4241-B34F-0EEF0ABDCC9C}.Debug|x86.ActiveCfg = Debug|Win32
		{9E5A1DEB-E2BC-4241-B34F-0EEF0ABDCC9C}.Debug|x86.Build.0 = Debug|Win32
		{9E5A1DEB-E2BC-4241-B34F-0EEF0ABDCC9C}.Release|x64.ActiveCfg = Release|x64
		{9E5A1DEB-E2BC-4241-B34F-0EEF0ABDCC9C}.Release|x64.Build.0 = Release|x64
		{9E5A1DEB-E2BC-4241-B34F-0EEF0ABDCC9C}.Release|x86.ActiveCfg = Release|Win32
		{9E5A1DEB-E2BC-4241-B34F-0EEF0ABDCC9C}.Release|x86.Build.0 = Release|Win32
		{BF76E8BC-3960-4C55-BFC5-10756A4DE651}.Debug|x64.ActiveCfg = Debug|x64
		{BF76E8BC-3960-4C55-BFC5-10756A4DE651}.Debug|x64.Build.0 = Debug|x64
		{BF76E8BC-3960-4C55-BFC5-10756A4DE651}.Debug|x86.ActiveCfg = Debug|Win32
		{BF76E8BC-3960-4C55-BFC5-10756A4DE651}.Debug|x86.Build.0 = Debug|Win32
		{BF76E8BC-3960-4C55-BFC5-10756A4DE651}.Release|x64.ActiveCfg = Release|x64
		{BF76E8BC-3960-4C55-BFC5-10756A4DE651}.Release|x64.Build.0 = Release|x64
		{BF76E8BC-3960-4C55-BFC5-10756A4DE651}.Release|x86.ActiveCfg = Release|Win32
		{BF76E8BC-3960-4C55-BFC5-10756A4DE651}.Release|x86.Build.0 = Release|Win32
		{BD5A5515-74C0-4998-AD67-C231D1DBCE65}.Debug|x64.ActiveCfg = Debug|x64
		{BD5A5515-74C0-4998-AD67-C231D1DBCE65}.Debug|x64.Build.0 = Debug|x64
		{BD5A5515-74C0-4998-AD67-C231D1DBCE65}.Debug|x86.ActiveCfg = Debug|Win32
		{BD5A5515-74C0-4998-AD67-C231D1DBCE65}.Debug|x86.Build.0 = Debug|Win32
		{BD5A5515-74C0-4998-AD67-C231D1DBCE65}.Release|x64.ActiveCfg = Release|x64
		{BD5A5515-74C0-4998-AD67-C231D1DBCE65}.Release|x64.Build.0 = Release|x64
		{BD5A5515-74C0-4998-AD67-C231D1DBCE65}.Release|x86.ActiveCfg = Release|Win32
		{BD5A5515-74C0-4998-AD67-C231D1DBCE65}.Release|x86.Build.0 = Release|Win32
		{E7771197-F7E0-437C-925C-9D639EC4E3EB}.Debug|x64.ActiveCfg = Debug|x64
		{E7771197-F7E0-437C-925C-9D639EC4E3EB}.Debug|x64.Build.0 = Debug|x64
		{E7771197-F7E0-437C-925C-9D639EC4E3EB}.Debug|x86.ActiveCfg = Debug|Win32
		{E7771197-F7E0-437C-925C-9D639EC4E3EB}.Debug|x86.Build.0 = Debug|Win32
		{E7771197-F7E0-437C-925C-9D639EC4E3EB}.Release|x64.ActiveCfg = Release|x64
		{E7771197-F7E0-437C-925C-9D639EC4E3EB}.Release|x64.Build.0 = Release|x64
		{E7771197-F7E0-437C-925C-9D639EC4E3EB}.Release|x86.ActiveCfg = Release|Win32
		{E7771197-F7E0-437C-925C-9D639EC4E3EB}.Release|x86.Build.0 = Release|Win32
		{4DB87AD8-7A9B-4E9C-AF36-CC7DDCD99F2A}.Debug|x64.ActiveCfg = Debug|x64
		{4DB87AD8-7A9B-4E9C-AF36-CC7DDCD99F2A}.Debug|x64.Build.0 = Debug|x64
		{4DB87AD8-7A9B-4E9C-AF36-CC7DDCD99F2A}.Debug|x86.ActiveCfg = Debug|Win32
		{4DB87AD8-7A9B-4E9C-AF36-CC7DDCD99F2A}.Debug|x86.Build.0 = Debug|Win32
		{4DB87AD8-7A9B-4E9C-AF36-CC7DDCD99F2A}.Release|x64.ActiveCfg = Release|x64
		{4DB87AD8-7A9B-4E9C-AF36-CC7DDCD99F2A}.Release|x64.Build.0 = Release|x64
		{4DB87AD8-7A9B-4E9C-AF36-CC7DDCD99F2A}.Release|x86.ActiveCfg = Release|Win32
		{4DB87AD8-7A9B-4E9C-AF36-CC7DDCD99F2A}.Release|x86.Build.0 = Release|Win32
		{337A2D27-C0EF-4791-9B56-C997B749E12F}.Debug|x64.ActiveCfg = Debug|x64
		{337A2D27-C0EF-4791-9B56-C997B749E12F}.Debug|x64.Build.0 = Debug|x64
		{337A2D27-C0EF-4791-9B56-C997B749E12F}.Debug|x86.ActiveCfg = Debug|Win32
		{337A2D27-C0EF-4791-9B56-C997B749E12F}.Debug|x86.Build.0 = Debug|Win32
		{337A2D27-C0EF-4791-9B56-C997B749E12F}.Release|x64.ActiveCfg = Release|x64
		{337A2D27-C0EF-4791-9B56-C997B749E12F}.Release|x64.Build.0 = Release|x64
		{337A2D27-C0EF-4791-9B56-C997B749E12F}.Release|x86.ActiveCfg = Release|Win32
		{337A2D27-C0EF-4791-9B56-C997B749E12F}.Release|x86.Build.0 = Release|Win32
		{6677F68B-E29A-4B4C-9373-ED39A3316B22}.Debug|x64.ActiveCfg = Debug|x64
		{6677F68B-E29A-4B4C-9373-ED39A3316B22}.Debug|x64.Build.0 = Debug|x64
		{6677F68B-E29A-4B4C-9373-ED39A3316B22}.Debug|x86.ActiveCfg = Debug|Win32
		{6677F68B-E29A-4B4C-9373-ED39A3316B22}.Debug|x86.Build.0 = Debug|Win32
		{6677F68B-E29A-4B4C-9373-ED39A3316B22}.Release|x64.ActiveCfg = Release|x64
		{6677F68B-E29A-4B4C-9373-ED39A3316B22}.Release|x64.Build.0 = Release|x64
		{6677F68B-E29A-4B4C-9373-ED39A3316B22}.Release|x86.ActiveCfg = Release|Win32
		{6677F68B-E29A-4B4C-9373-ED39A3316B22}.Release|x86.Build.0 = Release|Win32
		{07E326A3-7C8D-4828-A667-5382A701D1E0}.Debug|x64.ActiveCfg = Debug|x64
		{07E326A3-7C8D-4828-A667-5382A701D1E0}.Debug|x64.Build.0 = Debug|x64
		{07E326A3-7C8D-4828-A667-5382A701D1E0}.Debug|x86.ActiveCfg = Debug|Win32
		{07E326A3-7C8D-4828-A667-5382A701D1E0}.Debug|x86.Build.0 = Debug|Win32
		{07E326A3-7C8D-4828-A667-5382A701D1E0}.Release|x64.ActiveCfg = Release|x64
		{07E326A3-7C8D-4828-A667-5382A701D1E0}.Release|x64.Build.0 = Release|x64
		{07E326A3-7C8D-4828-A667-5382A701D1E0}.Release|x86.ActiveCfg = Release|Win32
		{07E326A3-7C8D-4828-A667-5382A701D1E0}.Release|x86.Build.0 = Release|Win32
	EndGlobalSection
	GlobalSection(SolutionProperties) = preSolution
		HideSolutionNode = FALSE
	EndGlobalSection
	GlobalSection(ExtensibilityGlobals) = postSolution
		SolutionGuid = {9FD630B0-8105-4011-8C96-7962D4C56CE9}
	EndGlobalSection
EndGlobal
